
Microsoft Visual Studio Solution File, Format Version 12.00
# Visual Studio Version 16
VisualStudioVersion = 16.0.30011.22
MinimumVisualStudioVersion = 10.0.40219.1
Project("{FAE04EC0-301F-11D3-BF4B-00C04F79EFBC}") = "AsyncAwait_Overview", "AsyncAwait_Overview.csproj", "{A911C81B-7107-4714-B008-84C1E93A80DF}"
EndProject
Project("{FAE04EC0-301F-11D3-BF4B-00C04F79EFBC}") = "Breakfast.Domain", "..\Breakfast.Domain\Breakfast.Domain.csproj", "{97FE439B-B1FC-43DB-8201-149E4CB838B3}"
EndProject
Global
	GlobalSection(SolutionConfigurationPlatforms) = preSolution
		Debug|Any CPU = Debug|Any CPU
		Release|Any CPU = Release|Any CPU
	EndGlobalSection
	GlobalSection(ProjectConfigurationPlatforms) = postSolution
		{A911C81B-7107-4714-B008-84C1E93A80DF}.Debug|Any CPU.ActiveCfg = Debug|Any CPU
		{A911C81B-7107-4714-B008-84C1E93A80DF}.Debug|Any CPU.Build.0 = Debug|Any CPU
		{A911C81B-7107-4714-B008-84C1E93A80DF}.Release|Any CPU.ActiveCfg = Release|Any CPU
		{A911C81B-7107-4714-B008-84C1E93A80DF}.Release|Any CPU.Build.0 = Release|Any CPU
		{97FE439B-B1FC-43DB-8201-149E4CB838B3}.Debug|Any CPU.ActiveCfg = Debug|Any CPU
		{97FE439B-B1FC-43DB-8201-149E4CB838B3}.Debug|Any CPU.Build.0 = Debug|Any CPU
		{97FE439B-B1FC-43DB-8201-149E4CB838B3}.Release|Any CPU.ActiveCfg = Release|Any CPU
		{97FE439B-B1FC-43DB-8201-149E4CB838B3}.Release|Any CPU.Build.0 = Release|Any CPU
	EndGlobalSection
	GlobalSection(SolutionProperties) = preSolution
		HideSolutionNode = FALSE
	EndGlobalSection
	GlobalSection(ExtensibilityGlobals) = postSolution
		SolutionGuid = {C86D4210-BBF6-4E41-9827-CEBBC9151127}
	EndGlobalSection
EndGlobal
